// !$*UTF8*$!
{
	archiveVersion = 1;
	classes = {
	};
	objectVersion = 52;
	objects = {

/* Begin PBXBuildFile section */
		048799092558650B0069F16C /* Coordinator.swift in Sources */ = {isa = PBXBuildFile; fileRef = 048799082558650B0069F16C /* Coordinator.swift */; };
		048E55E025575DBE00ED2193 /* SplashScreen.swift in Sources */ = {isa = PBXBuildFile; fileRef = 048E55DF25575DBE00ED2193 /* SplashScreen.swift */; };
		048E55E62557685300ED2193 /* SnapKit in Frameworks */ = {isa = PBXBuildFile; productRef = 048E55E52557685300ED2193 /* SnapKit */; };
		04C10FDE255B698500007128 /* MainView.swift in Sources */ = {isa = PBXBuildFile; fileRef = 04C10FDD255B698500007128 /* MainView.swift */; };
		04CC9F6B258C1CA200C161D7 /* MainViewModel.swift in Sources */ = {isa = PBXBuildFile; fileRef = 04CC9F6A258C1CA200C161D7 /* MainViewModel.swift */; };
		04CC9F81258C346000C161D7 /* PT_Sans-Web-Italic.ttf in Resources */ = {isa = PBXBuildFile; fileRef = 04CC9F7A258C346000C161D7 /* PT_Sans-Web-Italic.ttf */; };
		04CC9F83258C346000C161D7 /* PT_Sans-Web-Regular.ttf in Resources */ = {isa = PBXBuildFile; fileRef = 04CC9F7C258C346000C161D7 /* PT_Sans-Web-Regular.ttf */; };
		04CC9F85258C346000C161D7 /* PT_Sans-Web-Bold.ttf in Resources */ = {isa = PBXBuildFile; fileRef = 04CC9F7E258C346000C161D7 /* PT_Sans-Web-Bold.ttf */; };
		04CC9F86258C346000C161D7 /* PT_Sans-Web-BoldItalic.ttf in Resources */ = {isa = PBXBuildFile; fileRef = 04CC9F7F258C346000C161D7 /* PT_Sans-Web-BoldItalic.ttf */; };
		04CC9F9D258C399800C161D7 /* NewsGothicMTBold.ttf in Resources */ = {isa = PBXBuildFile; fileRef = 04CC9F94258C399800C161D7 /* NewsGothicMTBold.ttf */; };
		04CC9F9E258C399800C161D7 /* NewsGothicMTItalic.ttf in Resources */ = {isa = PBXBuildFile; fileRef = 04CC9F95258C399800C161D7 /* NewsGothicMTItalic.ttf */; };
		04CC9FA1258C399800C161D7 /* NewsGothicMTRegular.ttf in Resources */ = {isa = PBXBuildFile; fileRef = 04CC9F98258C399800C161D7 /* NewsGothicMTRegular.ttf */; };
		04CC9FCC258D6B5500C161D7 /* ShoppingListView.swift in Sources */ = {isa = PBXBuildFile; fileRef = 04CC9FCB258D6B5500C161D7 /* ShoppingListView.swift */; };
		04D60BA92540BE94006F47FC /* AppDelegate.swift in Sources */ = {isa = PBXBuildFile; fileRef = 04D60BA82540BE94006F47FC /* AppDelegate.swift */; };
		04D60BAB2540BE94006F47FC /* SceneDelegate.swift in Sources */ = {isa = PBXBuildFile; fileRef = 04D60BAA2540BE94006F47FC /* SceneDelegate.swift */; };
		04D60BB22540BE95006F47FC /* Assets.xcassets in Resources */ = {isa = PBXBuildFile; fileRef = 04D60BB12540BE95006F47FC /* Assets.xcassets */; };
		04D60BB52540BE95006F47FC /* LaunchScreen.storyboard in Resources */ = {isa = PBXBuildFile; fileRef = 04D60BB32540BE95006F47FC /* LaunchScreen.storyboard */; };
		04D60BC02540BE96006F47FC /* iOS_WhatsNextTests.swift in Sources */ = {isa = PBXBuildFile; fileRef = 04D60BBF2540BE96006F47FC /* iOS_WhatsNextTests.swift */; };
		04D60BCB2540BE96006F47FC /* iOS_WhatsNextUITests.swift in Sources */ = {isa = PBXBuildFile; fileRef = 04D60BCA2540BE96006F47FC /* iOS_WhatsNextUITests.swift */; };
		AA38618D25AB5D9000784F4F /* ShoppingListViewModel.swift in Sources */ = {isa = PBXBuildFile; fileRef = AA38618C25AB5D9000784F4F /* ShoppingListViewModel.swift */; };
		AA3861B025ABBA3700784F4F /* ShoppingListModel.swift in Sources */ = {isa = PBXBuildFile; fileRef = AA3861AF25ABBA3700784F4F /* ShoppingListModel.swift */; };
		AA3D1AF7269F67980013299C /* ShoppingListTableViewCell.swift in Sources */ = {isa = PBXBuildFile; fileRef = AA3D1AF6269F67980013299C /* ShoppingListTableViewCell.swift */; };
		AA3D1AFA269FCDA50013299C /* Colours.swift in Sources */ = {isa = PBXBuildFile; fileRef = AA3D1AF9269FCDA50013299C /* Colours.swift */; };
		AA877D6F26ADCD670016D565 /* PresentationController.swift in Sources */ = {isa = PBXBuildFile; fileRef = AA877D6E26ADCD670016D565 /* PresentationController.swift */; };
		AA877D7226ADEA280016D565 /* UIViewExtension.swift in Sources */ = {isa = PBXBuildFile; fileRef = AA877D7126ADEA280016D565 /* UIViewExtension.swift */; };
		AA877D7426ADEAFE0016D565 /* MenuView.swift in Sources */ = {isa = PBXBuildFile; fileRef = AA877D7326ADEAFE0016D565 /* MenuView.swift */; };
/* End PBXBuildFile section */

/* Begin PBXContainerItemProxy section */
		04D60BBC2540BE96006F47FC /* PBXContainerItemProxy */ = {
			isa = PBXContainerItemProxy;
			containerPortal = 04D60B9D2540BE94006F47FC /* Project object */;
			proxyType = 1;
			remoteGlobalIDString = 04D60BA42540BE94006F47FC;
			remoteInfo = "iOS-WhatsNext";
		};
		04D60BC72540BE96006F47FC /* PBXContainerItemProxy */ = {
			isa = PBXContainerItemProxy;
			containerPortal = 04D60B9D2540BE94006F47FC /* Project object */;
			proxyType = 1;
			remoteGlobalIDString = 04D60BA42540BE94006F47FC;
			remoteInfo = "iOS-WhatsNext";
		};
/* End PBXContainerItemProxy section */

/* Begin PBXFileReference section */
		048799082558650B0069F16C /* Coordinator.swift */ = {isa = PBXFileReference; lastKnownFileType = sourcecode.swift; path = Coordinator.swift; sourceTree = "<group>"; };
		048E55DF25575DBE00ED2193 /* SplashScreen.swift */ = {isa = PBXFileReference; lastKnownFileType = sourcecode.swift; path = SplashScreen.swift; sourceTree = "<group>"; };
		04C10FDD255B698500007128 /* MainView.swift */ = {isa = PBXFileReference; lastKnownFileType = sourcecode.swift; path = MainView.swift; sourceTree = "<group>"; };
		04CC9F6A258C1CA200C161D7 /* MainViewModel.swift */ = {isa = PBXFileReference; lastKnownFileType = sourcecode.swift; path = MainViewModel.swift; sourceTree = "<group>"; };
		04CC9F7A258C346000C161D7 /* PT_Sans-Web-Italic.ttf */ = {isa = PBXFileReference; lastKnownFileType = file; path = "PT_Sans-Web-Italic.ttf"; sourceTree = "<group>"; };
		04CC9F7C258C346000C161D7 /* PT_Sans-Web-Regular.ttf */ = {isa = PBXFileReference; lastKnownFileType = file; path = "PT_Sans-Web-Regular.ttf"; sourceTree = "<group>"; };
		04CC9F7E258C346000C161D7 /* PT_Sans-Web-Bold.ttf */ = {isa = PBXFileReference; lastKnownFileType = file; path = "PT_Sans-Web-Bold.ttf"; sourceTree = "<group>"; };
		04CC9F7F258C346000C161D7 /* PT_Sans-Web-BoldItalic.ttf */ = {isa = PBXFileReference; lastKnownFileType = file; path = "PT_Sans-Web-BoldItalic.ttf"; sourceTree = "<group>"; };
		04CC9F94258C399800C161D7 /* NewsGothicMTBold.ttf */ = {isa = PBXFileReference; lastKnownFileType = file; path = NewsGothicMTBold.ttf; sourceTree = "<group>"; };
		04CC9F95258C399800C161D7 /* NewsGothicMTItalic.ttf */ = {isa = PBXFileReference; lastKnownFileType = file; path = NewsGothicMTItalic.ttf; sourceTree = "<group>"; };
		04CC9F98258C399800C161D7 /* NewsGothicMTRegular.ttf */ = {isa = PBXFileReference; lastKnownFileType = file; path = NewsGothicMTRegular.ttf; sourceTree = "<group>"; };
		04CC9FCB258D6B5500C161D7 /* ShoppingListView.swift */ = {isa = PBXFileReference; lastKnownFileType = sourcecode.swift; path = ShoppingListView.swift; sourceTree = "<group>"; };
		04D60BA52540BE94006F47FC /* iOS-WhatsNext.app */ = {isa = PBXFileReference; explicitFileType = wrapper.application; includeInIndex = 0; path = "iOS-WhatsNext.app"; sourceTree = BUILT_PRODUCTS_DIR; };
		04D60BA82540BE94006F47FC /* AppDelegate.swift */ = {isa = PBXFileReference; lastKnownFileType = sourcecode.swift; path = AppDelegate.swift; sourceTree = "<group>"; };
		04D60BAA2540BE94006F47FC /* SceneDelegate.swift */ = {isa = PBXFileReference; lastKnownFileType = sourcecode.swift; path = SceneDelegate.swift; sourceTree = "<group>"; };
		04D60BB12540BE95006F47FC /* Assets.xcassets */ = {isa = PBXFileReference; lastKnownFileType = folder.assetcatalog; path = Assets.xcassets; sourceTree = "<group>"; };
		04D60BB42540BE95006F47FC /* Base */ = {isa = PBXFileReference; lastKnownFileType = file.storyboard; name = Base; path = Base.lproj/LaunchScreen.storyboard; sourceTree = "<group>"; };
		04D60BB62540BE95006F47FC /* Info.plist */ = {isa = PBXFileReference; lastKnownFileType = text.plist.xml; path = Info.plist; sourceTree = "<group>"; };
		04D60BBB2540BE96006F47FC /* iOS-WhatsNextTests.xctest */ = {isa = PBXFileReference; explicitFileType = wrapper.cfbundle; includeInIndex = 0; path = "iOS-WhatsNextTests.xctest"; sourceTree = BUILT_PRODUCTS_DIR; };
		04D60BBF2540BE96006F47FC /* iOS_WhatsNextTests.swift */ = {isa = PBXFileReference; lastKnownFileType = sourcecode.swift; path = iOS_WhatsNextTests.swift; sourceTree = "<group>"; };
		04D60BC12540BE96006F47FC /* Info.plist */ = {isa = PBXFileReference; lastKnownFileType = text.plist.xml; path = Info.plist; sourceTree = "<group>"; };
		04D60BC62540BE96006F47FC /* iOS-WhatsNextUITests.xctest */ = {isa = PBXFileReference; explicitFileType = wrapper.cfbundle; includeInIndex = 0; path = "iOS-WhatsNextUITests.xctest"; sourceTree = BUILT_PRODUCTS_DIR; };
		04D60BCA2540BE96006F47FC /* iOS_WhatsNextUITests.swift */ = {isa = PBXFileReference; lastKnownFileType = sourcecode.swift; path = iOS_WhatsNextUITests.swift; sourceTree = "<group>"; };
		04D60BCC2540BE96006F47FC /* Info.plist */ = {isa = PBXFileReference; lastKnownFileType = text.plist.xml; path = Info.plist; sourceTree = "<group>"; };
		AA38618C25AB5D9000784F4F /* ShoppingListViewModel.swift */ = {isa = PBXFileReference; lastKnownFileType = sourcecode.swift; path = ShoppingListViewModel.swift; sourceTree = "<group>"; };
		AA3861AF25ABBA3700784F4F /* ShoppingListModel.swift */ = {isa = PBXFileReference; lastKnownFileType = sourcecode.swift; path = ShoppingListModel.swift; sourceTree = "<group>"; };
		AA3D1AF6269F67980013299C /* ShoppingListTableViewCell.swift */ = {isa = PBXFileReference; lastKnownFileType = sourcecode.swift; path = ShoppingListTableViewCell.swift; sourceTree = "<group>"; };
		AA3D1AF9269FCDA50013299C /* Colours.swift */ = {isa = PBXFileReference; lastKnownFileType = sourcecode.swift; path = Colours.swift; sourceTree = "<group>"; };
		AA877D6E26ADCD670016D565 /* PresentationController.swift */ = {isa = PBXFileReference; lastKnownFileType = sourcecode.swift; path = PresentationController.swift; sourceTree = "<group>"; };
		AA877D7126ADEA280016D565 /* UIViewExtension.swift */ = {isa = PBXFileReference; lastKnownFileType = sourcecode.swift; path = UIViewExtension.swift; sourceTree = "<group>"; };
		AA877D7326ADEAFE0016D565 /* MenuView.swift */ = {isa = PBXFileReference; lastKnownFileType = sourcecode.swift; path = MenuView.swift; sourceTree = "<group>"; };
/* End PBXFileReference section */

/* Begin PBXFrameworksBuildPhase section */
		04D60BA22540BE94006F47FC /* Frameworks */ = {
			isa = PBXFrameworksBuildPhase;
			buildActionMask = 2147483647;
			files = (
				048E55E62557685300ED2193 /* SnapKit in Frameworks */,
			);
			runOnlyForDeploymentPostprocessing = 0;
		};
		04D60BB82540BE96006F47FC /* Frameworks */ = {
			isa = PBXFrameworksBuildPhase;
			buildActionMask = 2147483647;
			files = (
			);
			runOnlyForDeploymentPostprocessing = 0;
		};
		04D60BC32540BE96006F47FC /* Frameworks */ = {
			isa = PBXFrameworksBuildPhase;
			buildActionMask = 2147483647;
			files = (
			);
			runOnlyForDeploymentPostprocessing = 0;
		};
/* End PBXFrameworksBuildPhase section */

/* Begin PBXGroup section */
		0487990425585A470069F16C /* Views */ = {
			isa = PBXGroup;
			children = (
				04C10FDD255B698500007128 /* MainView.swift */,
				04CC9FCB258D6B5500C161D7 /* ShoppingListView.swift */,
				AA877D7326ADEAFE0016D565 /* MenuView.swift */,
				AA3D1AF5269F67850013299C /* Cells */,
				AA877D7026ADE99A0016D565 /* Presentation Controller */,
			);
			path = Views;
			sourceTree = "<group>";
		};
		048E55DD25575D8D00ED2193 /* SplashScreen */ = {
			isa = PBXGroup;
			children = (
				048E55DF25575DBE00ED2193 /* SplashScreen.swift */,
			);
			path = SplashScreen;
			sourceTree = "<group>";
		};
		048E55DE25575DA100ED2193 /* AppCoordinator */ = {
			isa = PBXGroup;
			children = (
				048799082558650B0069F16C /* Coordinator.swift */,
			);
			path = AppCoordinator;
			sourceTree = "<group>";
		};
		04CC9F69258C1C7200C161D7 /* ViewModels */ = {
			isa = PBXGroup;
			children = (
				04CC9F6A258C1CA200C161D7 /* MainViewModel.swift */,
				AA38618C25AB5D9000784F4F /* ShoppingListViewModel.swift */,
			);
			path = ViewModels;
			sourceTree = "<group>";
		};
		04CC9F72258C340E00C161D7 /* Fonts */ = {
			isa = PBXGroup;
			children = (
				04CC9F93258C399800C161D7 /* news_gothic_mt */,
				04CC9F78258C346000C161D7 /* ptsans */,
			);
			path = Fonts;
			sourceTree = "<group>";
		};
		04CC9F78258C346000C161D7 /* ptsans */ = {
			isa = PBXGroup;
			children = (
				04CC9F7A258C346000C161D7 /* PT_Sans-Web-Italic.ttf */,
				04CC9F7C258C346000C161D7 /* PT_Sans-Web-Regular.ttf */,
				04CC9F7E258C346000C161D7 /* PT_Sans-Web-Bold.ttf */,
				04CC9F7F258C346000C161D7 /* PT_Sans-Web-BoldItalic.ttf */,
			);
			path = ptsans;
			sourceTree = "<group>";
		};
		04CC9F93258C399800C161D7 /* news_gothic_mt */ = {
			isa = PBXGroup;
			children = (
				04CC9F94258C399800C161D7 /* NewsGothicMTBold.ttf */,
				04CC9F95258C399800C161D7 /* NewsGothicMTItalic.ttf */,
				04CC9F98258C399800C161D7 /* NewsGothicMTRegular.ttf */,
			);
			path = news_gothic_mt;
			sourceTree = "<group>";
		};
		04D60B9C2540BE94006F47FC = {
			isa = PBXGroup;
			children = (
				04D60BA72540BE94006F47FC /* iOS-WhatsNext */,
				04D60BBE2540BE96006F47FC /* iOS-WhatsNextTests */,
				04D60BC92540BE96006F47FC /* iOS-WhatsNextUITests */,
				04D60BA62540BE94006F47FC /* Products */,
			);
			sourceTree = "<group>";
		};
		04D60BA62540BE94006F47FC /* Products */ = {
			isa = PBXGroup;
			children = (
				04D60BA52540BE94006F47FC /* iOS-WhatsNext.app */,
				04D60BBB2540BE96006F47FC /* iOS-WhatsNextTests.xctest */,
				04D60BC62540BE96006F47FC /* iOS-WhatsNextUITests.xctest */,
			);
			name = Products;
			sourceTree = "<group>";
		};
		04D60BA72540BE94006F47FC /* iOS-WhatsNext */ = {
			isa = PBXGroup;
			children = (
				048E55DE25575DA100ED2193 /* AppCoordinator */,
				048E55DD25575D8D00ED2193 /* SplashScreen */,
				AA3861AE25ABBA1900784F4F /* Models */,
				0487990425585A470069F16C /* Views */,
				04CC9F69258C1C7200C161D7 /* ViewModels */,
				AA3D1AFB269FCF000013299C /* Extensions */,
				04D60BA82540BE94006F47FC /* AppDelegate.swift */,
				04D60BAA2540BE94006F47FC /* SceneDelegate.swift */,
				04D60BB12540BE95006F47FC /* Assets.xcassets */,
				04D60BB32540BE95006F47FC /* LaunchScreen.storyboard */,
				04D60BB62540BE95006F47FC /* Info.plist */,
			);
			path = "iOS-WhatsNext";
			sourceTree = "<group>";
		};
		04D60BBE2540BE96006F47FC /* iOS-WhatsNextTests */ = {
			isa = PBXGroup;
			children = (
				04D60BBF2540BE96006F47FC /* iOS_WhatsNextTests.swift */,
				04D60BC12540BE96006F47FC /* Info.plist */,
			);
			path = "iOS-WhatsNextTests";
			sourceTree = "<group>";
		};
		04D60BC92540BE96006F47FC /* iOS-WhatsNextUITests */ = {
			isa = PBXGroup;
			children = (
				04D60BCA2540BE96006F47FC /* iOS_WhatsNextUITests.swift */,
				04D60BCC2540BE96006F47FC /* Info.plist */,
			);
			path = "iOS-WhatsNextUITests";
			sourceTree = "<group>";
		};
		AA3861AE25ABBA1900784F4F /* Models */ = {
			isa = PBXGroup;
			children = (
				AA3861AF25ABBA3700784F4F /* ShoppingListModel.swift */,
			);
			path = Models;
			sourceTree = "<group>";
		};
		AA3D1AF5269F67850013299C /* Cells */ = {
			isa = PBXGroup;
			children = (
				AA3D1AF6269F67980013299C /* ShoppingListTableViewCell.swift */,
			);
			path = Cells;
			sourceTree = "<group>";
		};
		AA3D1AF8269FCD920013299C /* Colours */ = {
			isa = PBXGroup;
			children = (
				AA3D1AF9269FCDA50013299C /* Colours.swift */,
			);
			path = Colours;
			sourceTree = "<group>";
		};
		AA3D1AFB269FCF000013299C /* Extensions */ = {
			isa = PBXGroup;
			children = (
				AA877D7126ADEA280016D565 /* UIViewExtension.swift */,
				04CC9F72258C340E00C161D7 /* Fonts */,
				AA3D1AF8269FCD920013299C /* Colours */,
			);
			path = Extensions;
			sourceTree = "<group>";
		};
		AA877D7026ADE99A0016D565 /* Presentation Controller */ = {
			isa = PBXGroup;
			children = (
				AA877D6E26ADCD670016D565 /* PresentationController.swift */,
			);
			path = "Presentation Controller";
			sourceTree = "<group>";
		};
/* End PBXGroup section */

/* Begin PBXNativeTarget section */
		04D60BA42540BE94006F47FC /* iOS-WhatsNext */ = {
			isa = PBXNativeTarget;
			buildConfigurationList = 04D60BCF2540BE96006F47FC /* Build configuration list for PBXNativeTarget "iOS-WhatsNext" */;
			buildPhases = (
				04D60BA12540BE94006F47FC /* Sources */,
				04D60BA22540BE94006F47FC /* Frameworks */,
				04D60BA32540BE94006F47FC /* Resources */,
			);
			buildRules = (
			);
			dependencies = (
			);
			name = "iOS-WhatsNext";
			packageProductDependencies = (
				048E55E52557685300ED2193 /* SnapKit */,
			);
			productName = "iOS-WhatsNext";
			productReference = 04D60BA52540BE94006F47FC /* iOS-WhatsNext.app */;
			productType = "com.apple.product-type.application";
		};
		04D60BBA2540BE96006F47FC /* iOS-WhatsNextTests */ = {
			isa = PBXNativeTarget;
			buildConfigurationList = 04D60BD22540BE96006F47FC /* Build configuration list for PBXNativeTarget "iOS-WhatsNextTests" */;
			buildPhases = (
				04D60BB72540BE96006F47FC /* Sources */,
				04D60BB82540BE96006F47FC /* Frameworks */,
				04D60BB92540BE96006F47FC /* Resources */,
			);
			buildRules = (
			);
			dependencies = (
				04D60BBD2540BE96006F47FC /* PBXTargetDependency */,
			);
			name = "iOS-WhatsNextTests";
			productName = "iOS-WhatsNextTests";
			productReference = 04D60BBB2540BE96006F47FC /* iOS-WhatsNextTests.xctest */;
			productType = "com.apple.product-type.bundle.unit-test";
		};
		04D60BC52540BE96006F47FC /* iOS-WhatsNextUITests */ = {
			isa = PBXNativeTarget;
			buildConfigurationList = 04D60BD52540BE96006F47FC /* Build configuration list for PBXNativeTarget "iOS-WhatsNextUITests" */;
			buildPhases = (
				04D60BC22540BE96006F47FC /* Sources */,
				04D60BC32540BE96006F47FC /* Frameworks */,
				04D60BC42540BE96006F47FC /* Resources */,
			);
			buildRules = (
			);
			dependencies = (
				04D60BC82540BE96006F47FC /* PBXTargetDependency */,
			);
			name = "iOS-WhatsNextUITests";
			productName = "iOS-WhatsNextUITests";
			productReference = 04D60BC62540BE96006F47FC /* iOS-WhatsNextUITests.xctest */;
			productType = "com.apple.product-type.bundle.ui-testing";
		};
/* End PBXNativeTarget section */

/* Begin PBXProject section */
		04D60B9D2540BE94006F47FC /* Project object */ = {
			isa = PBXProject;
			attributes = {
				LastSwiftUpdateCheck = 1200;
				LastUpgradeCheck = 1200;
				TargetAttributes = {
					04D60BA42540BE94006F47FC = {
						CreatedOnToolsVersion = 12.0.1;
					};
					04D60BBA2540BE96006F47FC = {
						CreatedOnToolsVersion = 12.0.1;
						TestTargetID = 04D60BA42540BE94006F47FC;
					};
					04D60BC52540BE96006F47FC = {
						CreatedOnToolsVersion = 12.0.1;
						TestTargetID = 04D60BA42540BE94006F47FC;
					};
				};
			};
			buildConfigurationList = 04D60BA02540BE94006F47FC /* Build configuration list for PBXProject "iOS-WhatsNext" */;
			compatibilityVersion = "Xcode 9.3";
			developmentRegion = en;
			hasScannedForEncodings = 0;
			knownRegions = (
				en,
				Base,
			);
			mainGroup = 04D60B9C2540BE94006F47FC;
			packageReferences = (
				048E55E42557685300ED2193 /* XCRemoteSwiftPackageReference "SnapKit" */,
			);
			productRefGroup = 04D60BA62540BE94006F47FC /* Products */;
			projectDirPath = "";
			projectRoot = "";
			targets = (
				04D60BA42540BE94006F47FC /* iOS-WhatsNext */,
				04D60BBA2540BE96006F47FC /* iOS-WhatsNextTests */,
				04D60BC52540BE96006F47FC /* iOS-WhatsNextUITests */,
			);
		};
/* End PBXProject section */

/* Begin PBXResourcesBuildPhase section */
		04D60BA32540BE94006F47FC /* Resources */ = {
			isa = PBXResourcesBuildPhase;
			buildActionMask = 2147483647;
			files = (
				04CC9F85258C346000C161D7 /* PT_Sans-Web-Bold.ttf in Resources */,
				04CC9FA1258C399800C161D7 /* NewsGothicMTRegular.ttf in Resources */,
				04CC9F9D258C399800C161D7 /* NewsGothicMTBold.ttf in Resources */,
				04CC9F81258C346000C161D7 /* PT_Sans-Web-Italic.ttf in Resources */,
				04D60BB52540BE95006F47FC /* LaunchScreen.storyboard in Resources */,
				04CC9F9E258C399800C161D7 /* NewsGothicMTItalic.ttf in Resources */,
				04D60BB22540BE95006F47FC /* Assets.xcassets in Resources */,
				04CC9F86258C346000C161D7 /* PT_Sans-Web-BoldItalic.ttf in Resources */,
				04CC9F83258C346000C161D7 /* PT_Sans-Web-Regular.ttf in Resources */,
			);
			runOnlyForDeploymentPostprocessing = 0;
		};
		04D60BB92540BE96006F47FC /* Resources */ = {
			isa = PBXResourcesBuildPhase;
			buildActionMask = 2147483647;
			files = (
			);
			runOnlyForDeploymentPostprocessing = 0;
		};
		04D60BC42540BE96006F47FC /* Resources */ = {
			isa = PBXResourcesBuildPhase;
			buildActionMask = 2147483647;
			files = (
			);
			runOnlyForDeploymentPostprocessing = 0;
		};
/* End PBXResourcesBuildPhase section */

/* Begin PBXSourcesBuildPhase section */
		04D60BA12540BE94006F47FC /* Sources */ = {
			isa = PBXSourcesBuildPhase;
			buildActionMask = 2147483647;
			files = (
				048E55E025575DBE00ED2193 /* SplashScreen.swift in Sources */,
				AA877D6F26ADCD670016D565 /* PresentationController.swift in Sources */,
				04CC9FCC258D6B5500C161D7 /* ShoppingListView.swift in Sources */,
				AA3D1AFA269FCDA50013299C /* Colours.swift in Sources */,
				04C10FDE255B698500007128 /* MainView.swift in Sources */,
				048799092558650B0069F16C /* Coordinator.swift in Sources */,
				AA3861B025ABBA3700784F4F /* ShoppingListModel.swift in Sources */,
				AA877D7426ADEAFE0016D565 /* MenuView.swift in Sources */,
				AA3D1AF7269F67980013299C /* ShoppingListTableViewCell.swift in Sources */,
				04D60BA92540BE94006F47FC /* AppDelegate.swift in Sources */,
				AA877D7226ADEA280016D565 /* UIViewExtension.swift in Sources */,
				04D60BAB2540BE94006F47FC /* SceneDelegate.swift in Sources */,
				AA38618D25AB5D9000784F4F /* ShoppingListViewModel.swift in Sources */,
				04CC9F6B258C1CA200C161D7 /* MainViewModel.swift in Sources */,
			);
			runOnlyForDeploymentPostprocessing = 0;
		};
		04D60BB72540BE96006F47FC /* Sources */ = {
			isa = PBXSourcesBuildPhase;
			buildActionMask = 2147483647;
			files = (
				04D60BC02540BE96006F47FC /* iOS_WhatsNextTests.swift in Sources */,
			);
			runOnlyForDeploymentPostprocessing = 0;
		};
		04D60BC22540BE96006F47FC /* Sources */ = {
			isa = PBXSourcesBuildPhase;
			buildActionMask = 2147483647;
			files = (
				04D60BCB2540BE96006F47FC /* iOS_WhatsNextUITests.swift in Sources */,
			);
			runOnlyForDeploymentPostprocessing = 0;
		};
/* End PBXSourcesBuildPhase section */

/* Begin PBXTargetDependency section */
		04D60BBD2540BE96006F47FC /* PBXTargetDependency */ = {
			isa = PBXTargetDependency;
			target = 04D60BA42540BE94006F47FC /* iOS-WhatsNext */;
			targetProxy = 04D60BBC2540BE96006F47FC /* PBXContainerItemProxy */;
		};
		04D60BC82540BE96006F47FC /* PBXTargetDependency */ = {
			isa = PBXTargetDependency;
			target = 04D60BA42540BE94006F47FC /* iOS-WhatsNext */;
			targetProxy = 04D60BC72540BE96006F47FC /* PBXContainerItemProxy */;
		};
/* End PBXTargetDependency section */

/* Begin PBXVariantGroup section */
		04D60BB32540BE95006F47FC /* LaunchScreen.storyboard */ = {
			isa = PBXVariantGroup;
			children = (
				04D60BB42540BE95006F47FC /* Base */,
			);
			name = LaunchScreen.storyboard;
			sourceTree = "<group>";
		};
/* End PBXVariantGroup section */

/* Begin XCBuildConfiguration section */
		04D60BCD2540BE96006F47FC /* Debug */ = {
			isa = XCBuildConfiguration;
			buildSettings = {
				ALWAYS_SEARCH_USER_PATHS = NO;
				CLANG_ANALYZER_NONNULL = YES;
				CLANG_ANALYZER_NUMBER_OBJECT_CONVERSION = YES_AGGRESSIVE;
				CLANG_CXX_LANGUAGE_STANDARD = "gnu++14";
				CLANG_CXX_LIBRARY = "libc++";
				CLANG_ENABLE_MODULES = YES;
				CLANG_ENABLE_OBJC_ARC = YES;
				CLANG_ENABLE_OBJC_WEAK = YES;
				CLANG_WARN_BLOCK_CAPTURE_AUTORELEASING = YES;
				CLANG_WARN_BOOL_CONVERSION = YES;
				CLANG_WARN_COMMA = YES;
				CLANG_WARN_CONSTANT_CONVERSION = YES;
				CLANG_WARN_DEPRECATED_OBJC_IMPLEMENTATIONS = YES;
				CLANG_WARN_DIRECT_OBJC_ISA_USAGE = YES_ERROR;
				CLANG_WARN_DOCUMENTATION_COMMENTS = YES;
				CLANG_WARN_EMPTY_BODY = YES;
				CLANG_WARN_ENUM_CONVERSION = YES;
				CLANG_WARN_INFINITE_RECURSION = YES;
				CLANG_WARN_INT_CONVERSION = YES;
				CLANG_WARN_NON_LITERAL_NULL_CONVERSION = YES;
				CLANG_WARN_OBJC_IMPLICIT_RETAIN_SELF = YES;
				CLANG_WARN_OBJC_LITERAL_CONVERSION = YES;
				CLANG_WARN_OBJC_ROOT_CLASS = YES_ERROR;
				CLANG_WARN_QUOTED_INCLUDE_IN_FRAMEWORK_HEADER = YES;
				CLANG_WARN_RANGE_LOOP_ANALYSIS = YES;
				CLANG_WARN_STRICT_PROTOTYPES = YES;
				CLANG_WARN_SUSPICIOUS_MOVE = YES;
				CLANG_WARN_UNGUARDED_AVAILABILITY = YES_AGGRESSIVE;
				CLANG_WARN_UNREACHABLE_CODE = YES;
				CLANG_WARN__DUPLICATE_METHOD_MATCH = YES;
				COPY_PHASE_STRIP = NO;
				DEBUG_INFORMATION_FORMAT = dwarf;
				ENABLE_STRICT_OBJC_MSGSEND = YES;
				ENABLE_TESTABILITY = YES;
				GCC_C_LANGUAGE_STANDARD = gnu11;
				GCC_DYNAMIC_NO_PIC = NO;
				GCC_NO_COMMON_BLOCKS = YES;
				GCC_OPTIMIZATION_LEVEL = 0;
				GCC_PREPROCESSOR_DEFINITIONS = (
					"DEBUG=1",
					"$(inherited)",
				);
				GCC_WARN_64_TO_32_BIT_CONVERSION = YES;
				GCC_WARN_ABOUT_RETURN_TYPE = YES_ERROR;
				GCC_WARN_UNDECLARED_SELECTOR = YES;
				GCC_WARN_UNINITIALIZED_AUTOS = YES_AGGRESSIVE;
				GCC_WARN_UNUSED_FUNCTION = YES;
				GCC_WARN_UNUSED_VARIABLE = YES;
				IPHONEOS_DEPLOYMENT_TARGET = 13.0;
				MTL_ENABLE_DEBUG_INFO = INCLUDE_SOURCE;
				MTL_FAST_MATH = YES;
				ONLY_ACTIVE_ARCH = YES;
				SDKROOT = iphoneos;
				SWIFT_ACTIVE_COMPILATION_CONDITIONS = DEBUG;
				SWIFT_OPTIMIZATION_LEVEL = "-Onone";
			};
			name = Debug;
		};
		04D60BCE2540BE96006F47FC /* Release */ = {
			isa = XCBuildConfiguration;
			buildSettings = {
				ALWAYS_SEARCH_USER_PATHS = NO;
				CLANG_ANALYZER_NONNULL = YES;
				CLANG_ANALYZER_NUMBER_OBJECT_CONVERSION = YES_AGGRESSIVE;
				CLANG_CXX_LANGUAGE_STANDARD = "gnu++14";
				CLANG_CXX_LIBRARY = "libc++";
				CLANG_ENABLE_MODULES = YES;
				CLANG_ENABLE_OBJC_ARC = YES;
				CLANG_ENABLE_OBJC_WEAK = YES;
				CLANG_WARN_BLOCK_CAPTURE_AUTORELEASING = YES;
				CLANG_WARN_BOOL_CONVERSION = YES;
				CLANG_WARN_COMMA = YES;
				CLANG_WARN_CONSTANT_CONVERSION = YES;
				CLANG_WARN_DEPRECATED_OBJC_IMPLEMENTATIONS = YES;
				CLANG_WARN_DIRECT_OBJC_ISA_USAGE = YES_ERROR;
				CLANG_WARN_DOCUMENTATION_COMMENTS = YES;
				CLANG_WARN_EMPTY_BODY = YES;
				CLANG_WARN_ENUM_CONVERSION = YES;
				CLANG_WARN_INFINITE_RECURSION = YES;
				CLANG_WARN_INT_CONVERSION = YES;
				CLANG_WARN_NON_LITERAL_NULL_CONVERSION = YES;
				CLANG_WARN_OBJC_IMPLICIT_RETAIN_SELF = YES;
				CLANG_WARN_OBJC_LITERAL_CONVERSION = YES;
				CLANG_WARN_OBJC_ROOT_CLASS = YES_ERROR;
				CLANG_WARN_QUOTED_INCLUDE_IN_FRAMEWORK_HEADER = YES;
				CLANG_WARN_RANGE_LOOP_ANALYSIS = YES;
				CLANG_WARN_STRICT_PROTOTYPES = YES;
				CLANG_WARN_SUSPICIOUS_MOVE = YES;
				CLANG_WARN_UNGUARDED_AVAILABILITY = YES_AGGRESSIVE;
				CLANG_WARN_UNREACHABLE_CODE = YES;
				CLANG_WARN__DUPLICATE_METHOD_MATCH = YES;
				COPY_PHASE_STRIP = NO;
				DEBUG_INFORMATION_FORMAT = "dwarf-with-dsym";
				ENABLE_NS_ASSERTIONS = NO;
				ENABLE_STRICT_OBJC_MSGSEND = YES;
				GCC_C_LANGUAGE_STANDARD = gnu11;
				GCC_NO_COMMON_BLOCKS = YES;
				GCC_WARN_64_TO_32_BIT_CONVERSION = YES;
				GCC_WARN_ABOUT_RETURN_TYPE = YES_ERROR;
				GCC_WARN_UNDECLARED_SELECTOR = YES;
				GCC_WARN_UNINITIALIZED_AUTOS = YES_AGGRESSIVE;
				GCC_WARN_UNUSED_FUNCTION = YES;
				GCC_WARN_UNUSED_VARIABLE = YES;
				IPHONEOS_DEPLOYMENT_TARGET = 13.0;
				MTL_ENABLE_DEBUG_INFO = NO;
				MTL_FAST_MATH = YES;
				SDKROOT = iphoneos;
				SWIFT_COMPILATION_MODE = wholemodule;
				SWIFT_OPTIMIZATION_LEVEL = "-O";
				VALIDATE_PRODUCT = YES;
			};
			name = Release;
		};
		04D60BD02540BE96006F47FC /* Debug */ = {
			isa = XCBuildConfiguration;
			buildSettings = {
				ASSETCATALOG_COMPILER_APPICON_NAME = AppIcon;
				ASSETCATALOG_COMPILER_GLOBAL_ACCENT_COLOR_NAME = AccentColor;
				CODE_SIGN_STYLE = Automatic;
				DEVELOPMENT_TEAM = 6LPY29W97B;
				INFOPLIST_FILE = "iOS-WhatsNext/Info.plist";
				LD_RUNPATH_SEARCH_PATHS = (
					"$(inherited)",
					"@executable_path/Frameworks",
				);
				PRODUCT_BUNDLE_IDENTIFIER = "com.MichaelWiller.iOS-WhatsNext";
				PRODUCT_NAME = "$(TARGET_NAME)";
				SWIFT_VERSION = 5.0;
				TARGETED_DEVICE_FAMILY = 1;
			};
			name = Debug;
		};
		04D60BD12540BE96006F47FC /* Release */ = {
			isa = XCBuildConfiguration;
			buildSettings = {
				ASSETCATALOG_COMPILER_APPICON_NAME = AppIcon;
				ASSETCATALOG_COMPILER_GLOBAL_ACCENT_COLOR_NAME = AccentColor;
				CODE_SIGN_STYLE = Automatic;
				DEVELOPMENT_TEAM = 6LPY29W97B;
				INFOPLIST_FILE = "iOS-WhatsNext/Info.plist";
				LD_RUNPATH_SEARCH_PATHS = (
					"$(inherited)",
					"@executable_path/Frameworks",
				);
				PRODUCT_BUNDLE_IDENTIFIER = "com.MichaelWiller.iOS-WhatsNext";
				PRODUCT_NAME = "$(TARGET_NAME)";
				SWIFT_VERSION = 5.0;
				TARGETED_DEVICE_FAMILY = 1;
			};
			name = Release;
		};
		04D60BD32540BE96006F47FC /* Debug */ = {
			isa = XCBuildConfiguration;
			buildSettings = {
				ALWAYS_EMBED_SWIFT_STANDARD_LIBRARIES = YES;
				BUNDLE_LOADER = "$(TEST_HOST)";
				CODE_SIGN_STYLE = Automatic;
				DEVELOPMENT_TEAM = 6LPY29W97B;
				INFOPLIST_FILE = "iOS-WhatsNextTests/Info.plist";
				IPHONEOS_DEPLOYMENT_TARGET = 14.0;
				LD_RUNPATH_SEARCH_PATHS = (
					"$(inherited)",
					"@executable_path/Frameworks",
					"@loader_path/Frameworks",
				);
				PRODUCT_BUNDLE_IDENTIFIER = "com.MichaelWiller.iOS-WhatsNextTests";
				PRODUCT_NAME = "$(TARGET_NAME)";
				SWIFT_VERSION = 5.0;
				TARGETED_DEVICE_FAMILY = "1,2";
				TEST_HOST = "$(BUILT_PRODUCTS_DIR)/iOS-WhatsNext.app/iOS-WhatsNext";
			};
			name = Debug;
		};
		04D60BD42540BE96006F47FC /* Release */ = {
			isa = XCBuildConfiguration;
			buildSettings = {
				ALWAYS_EMBED_SWIFT_STANDARD_LIBRARIES = YES;
				BUNDLE_LOADER = "$(TEST_HOST)";
				CODE_SIGN_STYLE = Automatic;
				DEVELOPMENT_TEAM = 6LPY29W97B;
				INFOPLIST_FILE = "iOS-WhatsNextTests/Info.plist";
				IPHONEOS_DEPLOYMENT_TARGET = 14.0;
				LD_RUNPATH_SEARCH_PATHS = (
					"$(inherited)",
					"@executable_path/Frameworks",
					"@loader_path/Frameworks",
				);
				PRODUCT_BUNDLE_IDENTIFIER = "com.MichaelWiller.iOS-WhatsNextTests";
				PRODUCT_NAME = "$(TARGET_NAME)";
				SWIFT_VERSION = 5.0;
				TARGETED_DEVICE_FAMILY = "1,2";
				TEST_HOST = "$(BUILT_PRODUCTS_DIR)/iOS-WhatsNext.app/iOS-WhatsNext";
			};
			name = Release;
		};
		04D60BD62540BE96006F47FC /* Debug */ = {
			isa = XCBuildConfiguration;
			buildSettings = {
				ALWAYS_EMBED_SWIFT_STANDARD_LIBRARIES = YES;
				CODE_SIGN_STYLE = Automatic;
				DEVELOPMENT_TEAM = 6LPY29W97B;
				INFOPLIST_FILE = "iOS-WhatsNextUITests/Info.plist";
				LD_RUNPATH_SEARCH_PATHS = (
					"$(inherited)",
					"@executable_path/Frameworks",
					"@loader_path/Frameworks",
				);
				PRODUCT_BUNDLE_IDENTIFIER = "com.MichaelWiller.iOS-WhatsNextUITests";
				PRODUCT_NAME = "$(TARGET_NAME)";
				SWIFT_VERSION = 5.0;
				TARGETED_DEVICE_FAMILY = "1,2";
				TEST_TARGET_NAME = "iOS-WhatsNext";
			};
			name = Debug;
		};
		04D60BD72540BE96006F47FC /* Release */ = {
			isa = XCBuildConfiguration;
			buildSettings = {
				ALWAYS_EMBED_SWIFT_STANDARD_LIBRARIES = YES;
				CODE_SIGN_STYLE = Automatic;
				DEVELOPMENT_TEAM = 6LPY29W97B;
				INFOPLIST_FILE = "iOS-WhatsNextUITests/Info.plist";
				LD_RUNPATH_SEARCH_PATHS = (
					"$(inherited)",
					"@executable_path/Frameworks",
					"@loader_path/Frameworks",
				);
				PRODUCT_BUNDLE_IDENTIFIER = "com.MichaelWiller.iOS-WhatsNextUITests";
				PRODUCT_NAME = "$(TARGET_NAME)";
				SWIFT_VERSION = 5.0;
				TARGETED_DEVICE_FAMILY = "1,2";
				TEST_TARGET_NAME = "iOS-WhatsNext";
			};
			name = Release;
		};
/* End XCBuildConfiguration section */

/* Begin XCConfigurationList section */
		04D60BA02540BE94006F47FC /* Build configuration list for PBXProject "iOS-WhatsNext" */ = {
			isa = XCConfigurationList;
			buildConfigurations = (
				04D60BCD2540BE96006F47FC /* Debug */,
				04D60BCE2540BE96006F47FC /* Release */,
			);
			defaultConfigurationIsVisible = 0;
			defaultConfigurationName = Release;
		};
		04D60BCF2540BE96006F47FC /* Build configuration list for PBXNativeTarget "iOS-WhatsNext" */ = {
			isa = XCConfigurationList;
			buildConfigurations = (
				04D60BD02540BE96006F47FC /* Debug */,
				04D60BD12540BE96006F47FC /* Release */,
			);
			defaultConfigurationIsVisible = 0;
			defaultConfigurationName = Release;
		};
		04D60BD22540BE96006F47FC /* Build configuration list for PBXNativeTarget "iOS-WhatsNextTests" */ = {
			isa = XCConfigurationList;
			buildConfigurations = (
				04D60BD32540BE96006F47FC /* Debug */,
				04D60BD42540BE96006F47FC /* Release */,
			);
			defaultConfigurationIsVisible = 0;
			defaultConfigurationName = Release;
		};
		04D60BD52540BE96006F47FC /* Build configuration list for PBXNativeTarget "iOS-WhatsNextUITests" */ = {
			isa = XCConfigurationList;
			buildConfigurations = (
				04D60BD62540BE96006F47FC /* Debug */,
				04D60BD72540BE96006F47FC /* Release */,
			);
			defaultConfigurationIsVisible = 0;
			defaultConfigurationName = Release;
		};
/* End XCConfigurationList section */

/* Begin XCRemoteSwiftPackageReference section */
		048E55E42557685300ED2193 /* XCRemoteSwiftPackageReference "SnapKit" */ = {
			isa = XCRemoteSwiftPackageReference;
			repositoryURL = "https://github.com/SnapKit/SnapKit";
			requirement = {
				kind = upToNextMajorVersion;
				minimumVersion = 5.0.1;
			};
		};
/* End XCRemoteSwiftPackageReference section */

/* Begin XCSwiftPackageProductDependency section */
		048E55E52557685300ED2193 /* SnapKit */ = {
			isa = XCSwiftPackageProductDependency;
			package = 048E55E42557685300ED2193 /* XCRemoteSwiftPackageReference "SnapKit" */;
			productName = SnapKit;
		};
/* End XCSwiftPackageProductDependency section */
	};
	rootObject = 04D60B9D2540BE94006F47FC /* Project object */;
}
